
Microsoft Visual Studio Solution File, Format Version 12.00
# Visual Studio 14
VisualStudioVersion = 14.0.24720.0
MinimumVisualStudioVersion = 10.0.40219.1
Project("{2150E333-8FDC-42A3-9474-1A3956D46DE8}") = "Engine", "Engine", "{30606654-06BB-4536-9D1D-8CD16FAD97BE}"
EndProject
Project("{2150E333-8FDC-42A3-9474-1A3956D46DE8}") = "Games", "Games", "{E2A047F4-D446-496C-A8D1-271ABE92870A}"
EndProject
Project("{8BC9CEB8-8B4A-11D0-8D11-00A0C91BC942}") = "UE4", "Intermediate\ProjectFiles\UE4.vcxproj", "{BA5C7B45-C6F6-4317-9D3C-BB5DA33C39E5}"
EndProject
Project("{8BC9CEB8-8B4A-11D0-8D11-00A0C91BC942}") = "Shift", "Intermediate\ProjectFiles\Shift.vcxproj", "{210DDC25-AF6D-4265-A689-6DFF821AF373}"
EndProject
Global
	GlobalSection(SolutionConfigurationPlatforms) = preSolution
		DebugGame Editor|Android = DebugGame Editor|Android
		DebugGame Editor|Win32 = DebugGame Editor|Win32
		DebugGame Editor|Win64 = DebugGame Editor|Win64
		DebugGame|Android = DebugGame|Android
		DebugGame|Win32 = DebugGame|Win32
		DebugGame|Win64 = DebugGame|Win64
		Development Editor|Android = Development Editor|Android
		Development Editor|Win32 = Development Editor|Win32
		Development Editor|Win64 = Development Editor|Win64
		Development|Android = Development|Android
		Development|Win32 = Development|Win32
		Development|Win64 = Development|Win64
		Shipping|Android = Shipping|Android
		Shipping|Win32 = Shipping|Win32
		Shipping|Win64 = Shipping|Win64
	EndGlobalSection
	GlobalSection(ProjectConfigurationPlatforms) = postSolution
		{BA5C7B45-C6F6-4317-9D3C-BB5DA33C39E5}.DebugGame Editor|Android.ActiveCfg = BuiltWithUnrealBuildTool|Win32
		{BA5C7B45-C6F6-4317-9D3C-BB5DA33C39E5}.DebugGame Editor|Android.Build.0 = BuiltWithUnrealBuildTool|Win32
		{BA5C7B45-C6F6-4317-9D3C-BB5DA33C39E5}.DebugGame Editor|Win32.ActiveCfg = BuiltWithUnrealBuildTool|Win32
		{BA5C7B45-C6F6-4317-9D3C-BB5DA33C39E5}.DebugGame Editor|Win32.Build.0 = BuiltWithUnrealBuildTool|Win32
		{BA5C7B45-C6F6-4317-9D3C-BB5DA33C39E5}.DebugGame Editor|Win64.ActiveCfg = BuiltWithUnrealBuildTool|Win32
		{BA5C7B45-C6F6-4317-9D3C-BB5DA33C39E5}.DebugGame Editor|Win64.Build.0 = BuiltWithUnrealBuildTool|Win32
		{BA5C7B45-C6F6-4317-9D3C-BB5DA33C39E5}.DebugGame|Android.ActiveCfg = BuiltWithUnrealBuildTool|Win32
		{BA5C7B45-C6F6-4317-9D3C-BB5DA33C39E5}.DebugGame|Android.Build.0 = BuiltWithUnrealBuildTool|Win32
		{BA5C7B45-C6F6-4317-9D3C-BB5DA33C39E5}.DebugGame|Win32.ActiveCfg = BuiltWithUnrealBuildTool|Win32
		{BA5C7B45-C6F6-4317-9D3C-BB5DA33C39E5}.DebugGame|Win32.Build.0 = BuiltWithUnrealBuildTool|Win32
		{BA5C7B45-C6F6-4317-9D3C-BB5DA33C39E5}.DebugGame|Win64.ActiveCfg = BuiltWithUnrealBuildTool|Win32
		{BA5C7B45-C6F6-4317-9D3C-BB5DA33C39E5}.DebugGame|Win64.Build.0 = BuiltWithUnrealBuildTool|Win32
		{BA5C7B45-C6F6-4317-9D3C-BB5DA33C39E5}.Development Editor|Android.ActiveCfg = BuiltWithUnrealBuildTool|Win32
		{BA5C7B45-C6F6-4317-9D3C-BB5DA33C39E5}.Development Editor|Android.Build.0 = BuiltWithUnrealBuildTool|Win32
		{BA5C7B45-C6F6-4317-9D3C-BB5DA33C39E5}.Development Editor|Win32.ActiveCfg = BuiltWithUnrealBuildTool|Win32
		{BA5C7B45-C6F6-4317-9D3C-BB5DA33C39E5}.Development Editor|Win32.Build.0 = BuiltWithUnrealBuildTool|Win32
		{BA5C7B45-C6F6-4317-9D3C-BB5DA33C39E5}.Development Editor|Win64.ActiveCfg = BuiltWithUnrealBuildTool|Win32
		{BA5C7B45-C6F6-4317-9D3C-BB5DA33C39E5}.Development Editor|Win64.Build.0 = BuiltWithUnrealBuildTool|Win32
		{BA5C7B45-C6F6-4317-9D3C-BB5DA33C39E5}.Development|Android.ActiveCfg = BuiltWithUnrealBuildTool|Win32
		{BA5C7B45-C6F6-4317-9D3C-BB5DA33C39E5}.Development|Android.Build.0 = BuiltWithUnrealBuildTool|Win32
		{BA5C7B45-C6F6-4317-9D3C-BB5DA33C39E5}.Development|Win32.ActiveCfg = BuiltWithUnrealBuildTool|Win32
		{BA5C7B45-C6F6-4317-9D3C-BB5DA33C39E5}.Development|Win32.Build.0 = BuiltWithUnrealBuildTool|Win32
		{BA5C7B45-C6F6-4317-9D3C-BB5DA33C39E5}.Development|Win64.ActiveCfg = BuiltWithUnrealBuildTool|Win32
		{BA5C7B45-C6F6-4317-9D3C-BB5DA33C39E5}.Development|Win64.Build.0 = BuiltWithUnrealBuildTool|Win32
		{BA5C7B45-C6F6-4317-9D3C-BB5DA33C39E5}.Shipping|Android.ActiveCfg = BuiltWithUnrealBuildTool|Win32
		{BA5C7B45-C6F6-4317-9D3C-BB5DA33C39E5}.Shipping|Android.Build.0 = BuiltWithUnrealBuildTool|Win32
		{BA5C7B45-C6F6-4317-9D3C-BB5DA33C39E5}.Shipping|Win32.ActiveCfg = BuiltWithUnrealBuildTool|Win32
		{BA5C7B45-C6F6-4317-9D3C-BB5DA33C39E5}.Shipping|Win32.Build.0 = BuiltWithUnrealBuildTool|Win32
		{BA5C7B45-C6F6-4317-9D3C-BB5DA33C39E5}.Shipping|Win64.ActiveCfg = BuiltWithUnrealBuildTool|Win32
		{BA5C7B45-C6F6-4317-9D3C-BB5DA33C39E5}.Shipping|Win64.Build.0 = BuiltWithUnrealBuildTool|Win32
		{210DDC25-AF6D-4265-A689-6DFF821AF373}.DebugGame Editor|Android.ActiveCfg = Android_DebugGame_Editor|Win32
		{210DDC25-AF6D-4265-A689-6DFF821AF373}.DebugGame Editor|Android.Build.0 = Android_DebugGame_Editor|Win32
		{210DDC25-AF6D-4265-A689-6DFF821AF373}.DebugGame Editor|Win32.ActiveCfg = DebugGame_Editor|Win32
		{210DDC25-AF6D-4265-A689-6DFF821AF373}.DebugGame Editor|Win32.Build.0 = DebugGame_Editor|Win32
		{210DDC25-AF6D-4265-A689-6DFF821AF373}.DebugGame Editor|Win64.ActiveCfg = DebugGame_Editor|x64
		{210DDC25-AF6D-4265-A689-6DFF821AF373}.DebugGame Editor|Win64.Build.0 = DebugGame_Editor|x64
		{210DDC25-AF6D-4265-A689-6DFF821AF373}.DebugGame|Android.ActiveCfg = Android_DebugGame_Game|Win32
		{210DDC25-AF6D-4265-A689-6DFF821AF373}.DebugGame|Android.Build.0 = Android_DebugGame_Game|Win32
		{210DDC25-AF6D-4265-A689-6DFF821AF373}.DebugGame|Win32.ActiveCfg = DebugGame_Game|Win32
		{210DDC25-AF6D-4265-A689-6DFF821AF373}.DebugGame|Win32.Build.0 = DebugGame_Game|Win32
		{210DDC25-AF6D-4265-A689-6DFF821AF373}.DebugGame|Win64.ActiveCfg = DebugGame_Game|x64
		{210DDC25-AF6D-4265-A689-6DFF821AF373}.DebugGame|Win64.Build.0 = DebugGame_Game|x64
		{210DDC25-AF6D-4265-A689-6DFF821AF373}.Development Editor|Android.ActiveCfg = Android_Development_Editor|Win32
		{210DDC25-AF6D-4265-A689-6DFF821AF373}.Development Editor|Android.Build.0 = Android_Development_Editor|Win32
		{210DDC25-AF6D-4265-A689-6DFF821AF373}.Development Editor|Win32.ActiveCfg = Development_Editor|Win32
		{210DDC25-AF6D-4265-A689-6DFF821AF373}.Development Editor|Win32.Build.0 = Development_Editor|Win32
		{210DDC25-AF6D-4265-A689-6DFF821AF373}.Development Editor|Win64.ActiveCfg = Development_Editor|x64
		{210DDC25-AF6D-4265-A689-6DFF821AF373}.Development Editor|Win64.Build.0 = Development_Editor|x64
		{210DDC25-AF6D-4265-A689-6DFF821AF373}.Development|Android.ActiveCfg = Android_Development_Game|Win32
		{210DDC25-AF6D-4265-A689-6DFF821AF373}.Development|Android.Build.0 = Android_Development_Game|Win32
		{210DDC25-AF6D-4265-A689-6DFF821AF373}.Development|Win32.ActiveCfg = Development_Game|Win32
		{210DDC25-AF6D-4265-A689-6DFF821AF373}.Development|Win32.Build.0 = Development_Game|Win32
		{210DDC25-AF6D-4265-A689-6DFF821AF373}.Development|Win64.ActiveCfg = Development_Game|x64
		{210DDC25-AF6D-4265-A689-6DFF821AF373}.Development|Win64.Build.0 = Development_Game|x64
		{210DDC25-AF6D-4265-A689-6DFF821AF373}.Shipping|Android.ActiveCfg = Android_Shipping_Game|Win32
		{210DDC25-AF6D-4265-A689-6DFF821AF373}.Shipping|Android.Build.0 = Android_Shipping_Game|Win32
		{210DDC25-AF6D-4265-A689-6DFF821AF373}.Shipping|Win32.ActiveCfg = Shipping_Game|Win32
		{210DDC25-AF6D-4265-A689-6DFF821AF373}.Shipping|Win32.Build.0 = Shipping_Game|Win32
		{210DDC25-AF6D-4265-A689-6DFF821AF373}.Shipping|Win64.ActiveCfg = Shipping_Game|x64
		{210DDC25-AF6D-4265-A689-6DFF821AF373}.Shipping|Win64.Build.0 = Shipping_Game|x64
	EndGlobalSection
	GlobalSection(SolutionProperties) = preSolution
		HideSolutionNode = FALSE
	EndGlobalSection
	GlobalSection(NestedProjects) = preSolution
		{BA5C7B45-C6F6-4317-9D3C-BB5DA33C39E5} = {30606654-06BB-4536-9D1D-8CD16FAD97BE}
		{210DDC25-AF6D-4265-A689-6DFF821AF373} = {E2A047F4-D446-496C-A8D1-271ABE92870A}
	EndGlobalSection
EndGlobal
